<?xml version="1.0" encoding="utf-8"?>
<Project ToolsVersion="4.0" xmlns="http://schemas.microsoft.com/developer/msbuild/2003">
  <ItemGroup>
    <Filter Include="01.Content">
      <UniqueIdentifier>{bf209d54-ec63-4bc1-a7cd-67848c210150}</UniqueIdentifier>
    </Filter>
    <Filter Include="02.Object">
      <UniqueIdentifier>{8242c5cb-7a7f-4c77-aeb0-2a227ea6fb51}</UniqueIdentifier>
    </Filter>
  </ItemGroup>
  <ItemGroup>
    <ClCompile Include="Main.cpp" />
    <ClCompile Include="ConsoleHelper.cpp">
      <Filter>01.Content</Filter>
    </ClCompile>
    <ClCompile Include="Player.cpp">
      <Filter>02.Object</Filter>
    </ClCompile>
    <ClCompile Include="Bullet.cpp">
      <Filter>02.Object</Filter>
    </ClCompile>
  </ItemGroup>
  <ItemGroup>
    <ClInclude Include="ConsoleHelper.h">
      <Filter>01.Content</Filter>
    </ClInclude>
    <ClInclude Include="Player.h">
      <Filter>02.Object</Filter>
    </ClInclude>
    <ClInclude Include="Bullet.h">
      <Filter>02.Object</Filter>
    </ClInclude>
  </ItemGroup>
</Project>